// !$*UTF8*$!
{
	archiveVersion = 1;
	classes = {
	};
	objectVersion = 48;
	objects = {

/* Begin PBXBuildFile section */
		514B483D204C723800C117DF /* AppDelegate.swift in Sources */ = {isa = PBXBuildFile; fileRef = 514B483C204C723800C117DF /* AppDelegate.swift */; };
		514B4845204C723800C117DF /* Events.xcdatamodeld in Sources */ = {isa = PBXBuildFile; fileRef = 514B4843204C723800C117DF /* Events.xcdatamodeld */; };
		514B4847204C723800C117DF /* Assets.xcassets in Resources */ = {isa = PBXBuildFile; fileRef = 514B4846204C723800C117DF /* Assets.xcassets */; };
		514B484A204C723800C117DF /* LaunchScreen.storyboard in Resources */ = {isa = PBXBuildFile; fileRef = 514B4848204C723800C117DF /* LaunchScreen.storyboard */; };
		514B4855204C723800C117DF /* EventsTests.swift in Sources */ = {isa = PBXBuildFile; fileRef = 514B4854204C723800C117DF /* EventsTests.swift */; };
		514B4860204C723800C117DF /* EventsUITests.swift in Sources */ = {isa = PBXBuildFile; fileRef = 514B485F204C723800C117DF /* EventsUITests.swift */; };
		514B488D204C72AB00C117DF /* EBEventDetailsView.swift in Sources */ = {isa = PBXBuildFile; fileRef = 514B4870204C72AB00C117DF /* EBEventDetailsView.swift */; };
		514B488E204C72AB00C117DF /* EBEventsView.xib in Resources */ = {isa = PBXBuildFile; fileRef = 514B4871204C72AB00C117DF /* EBEventsView.xib */; };
		514B488F204C72AB00C117DF /* EventBuzzBaseView.swift in Sources */ = {isa = PBXBuildFile; fileRef = 514B4872204C72AB00C117DF /* EventBuzzBaseView.swift */; };
		514B4893204C72AB00C117DF /* EBMessagesView.xib in Resources */ = {isa = PBXBuildFile; fileRef = 514B4876204C72AB00C117DF /* EBMessagesView.xib */; };
		514B4894204C72AB00C117DF /* EBPhotosView.swift in Sources */ = {isa = PBXBuildFile; fileRef = 514B4877204C72AB00C117DF /* EBPhotosView.swift */; };
		514B4898204C72AB00C117DF /* EBEventsView.swift in Sources */ = {isa = PBXBuildFile; fileRef = 514B487B204C72AB00C117DF /* EBEventsView.swift */; };
		514B4899204C72AB00C117DF /* EBSignUpView.swift in Sources */ = {isa = PBXBuildFile; fileRef = 514B487C204C72AB00C117DF /* EBSignUpView.swift */; };
		514B489A204C72AB00C117DF /* EBEventDetailsView.xib in Resources */ = {isa = PBXBuildFile; fileRef = 514B487D204C72AB00C117DF /* EBEventDetailsView.xib */; };
		514B489B204C72AB00C117DF /* EBPhotosView.xib in Resources */ = {isa = PBXBuildFile; fileRef = 514B487E204C72AB00C117DF /* EBPhotosView.xib */; };
		514B489C204C72AB00C117DF /* EBMessagesView.swift in Sources */ = {isa = PBXBuildFile; fileRef = 514B487F204C72AB00C117DF /* EBMessagesView.swift */; };
		514B48A1204C72AB00C117DF /* MessagesViewController.swift in Sources */ = {isa = PBXBuildFile; fileRef = 514B4885204C72AB00C117DF /* MessagesViewController.swift */; };
		514B48A2204C72AB00C117DF /* EventDetailsViewController.swift in Sources */ = {isa = PBXBuildFile; fileRef = 514B4886204C72AB00C117DF /* EventDetailsViewController.swift */; };
		514B48A6204C72AB00C117DF /* EventBuzzBaseViewController.swift in Sources */ = {isa = PBXBuildFile; fileRef = 514B488A204C72AB00C117DF /* EventBuzzBaseViewController.swift */; };
		514B48A9204C73AB00C117DF /* UIViewLoading.swift in Sources */ = {isa = PBXBuildFile; fileRef = 514B48A8204C73AB00C117DF /* UIViewLoading.swift */; };
		514B48B0204C73D400C117DF /* PhotosDataSource.swift in Sources */ = {isa = PBXBuildFile; fileRef = 514B48AD204C73D400C117DF /* PhotosDataSource.swift */; };
/* End PBXBuildFile section */

/* Begin PBXContainerItemProxy section */
		514B4851204C723800C117DF /* PBXContainerItemProxy */ = {
			isa = PBXContainerItemProxy;
			containerPortal = 514B4831204C723800C117DF /* Project object */;
			proxyType = 1;
			remoteGlobalIDString = 514B4838204C723800C117DF;
			remoteInfo = Events;
		};
		514B485C204C723800C117DF /* PBXContainerItemProxy */ = {
			isa = PBXContainerItemProxy;
			containerPortal = 514B4831204C723800C117DF /* Project object */;
			proxyType = 1;
			remoteGlobalIDString = 514B4838204C723800C117DF;
			remoteInfo = Events;
		};
/* End PBXContainerItemProxy section */

/* Begin PBXFileReference section */
		514B4839204C723800C117DF /* Events.app */ = {isa = PBXFileReference; explicitFileType = wrapper.application; includeInIndex = 0; path = Events.app; sourceTree = BUILT_PRODUCTS_DIR; };
		514B483C204C723800C117DF /* AppDelegate.swift */ = {isa = PBXFileReference; lastKnownFileType = sourcecode.swift; path = AppDelegate.swift; sourceTree = "<group>"; };
		514B4844204C723800C117DF /* Events.xcdatamodel */ = {isa = PBXFileReference; lastKnownFileType = wrapper.xcdatamodel; path = Events.xcdatamodel; sourceTree = "<group>"; };
		514B4846204C723800C117DF /* Assets.xcassets */ = {isa = PBXFileReference; lastKnownFileType = folder.assetcatalog; path = Assets.xcassets; sourceTree = "<group>"; };
		514B4849204C723800C117DF /* Base */ = {isa = PBXFileReference; lastKnownFileType = file.storyboard; name = Base; path = Base.lproj/LaunchScreen.storyboard; sourceTree = "<group>"; };
		514B484B204C723800C117DF /* Info.plist */ = {isa = PBXFileReference; lastKnownFileType = text.plist.xml; path = Info.plist; sourceTree = "<group>"; };
		514B4850204C723800C117DF /* EventsTests.xctest */ = {isa = PBXFileReference; explicitFileType = wrapper.cfbundle; includeInIndex = 0; path = EventsTests.xctest; sourceTree = BUILT_PRODUCTS_DIR; };
		514B4854204C723800C117DF /* EventsTests.swift */ = {isa = PBXFileReference; lastKnownFileType = sourcecode.swift; path = EventsTests.swift; sourceTree = "<group>"; };
		514B4856204C723800C117DF /* Info.plist */ = {isa = PBXFileReference; lastKnownFileType = text.plist.xml; path = Info.plist; sourceTree = "<group>"; };
		514B485B204C723800C117DF /* EventsUITests.xctest */ = {isa = PBXFileReference; explicitFileType = wrapper.cfbundle; includeInIndex = 0; path = EventsUITests.xctest; sourceTree = BUILT_PRODUCTS_DIR; };
		514B485F204C723800C117DF /* EventsUITests.swift */ = {isa = PBXFileReference; lastKnownFileType = sourcecode.swift; path = EventsUITests.swift; sourceTree = "<group>"; };
		514B4861204C723800C117DF /* Info.plist */ = {isa = PBXFileReference; lastKnownFileType = text.plist.xml; path = Info.plist; sourceTree = "<group>"; };
		514B4870204C72AB00C117DF /* EBEventDetailsView.swift */ = {isa = PBXFileReference; fileEncoding = 4; lastKnownFileType = sourcecode.swift; path = EBEventDetailsView.swift; sourceTree = "<group>"; };
		514B4871204C72AB00C117DF /* EBEventsView.xib */ = {isa = PBXFileReference; fileEncoding = 4; lastKnownFileType = file.xib; path = EBEventsView.xib; sourceTree = "<group>"; };
		514B4872204C72AB00C117DF /* EventBuzzBaseView.swift */ = {isa = PBXFileReference; fileEncoding = 4; lastKnownFileType = sourcecode.swift; path = EventBuzzBaseView.swift; sourceTree = "<group>"; };
		514B4876204C72AB00C117DF /* EBMessagesView.xib */ = {isa = PBXFileReference; fileEncoding = 4; lastKnownFileType = file.xib; path = EBMessagesView.xib; sourceTree = "<group>"; };
		514B4877204C72AB00C117DF /* EBPhotosView.swift */ = {isa = PBXFileReference; fileEncoding = 4; lastKnownFileType = sourcecode.swift; path = EBPhotosView.swift; sourceTree = "<group>"; };
		514B487B204C72AB00C117DF /* EBEventsView.swift */ = {isa = PBXFileReference; fileEncoding = 4; lastKnownFileType = sourcecode.swift; path = EBEventsView.swift; sourceTree = "<group>"; };
		514B487C204C72AB00C117DF /* EBSignUpView.swift */ = {isa = PBXFileReference; fileEncoding = 4; lastKnownFileType = sourcecode.swift; path = EBSignUpView.swift; sourceTree = "<group>"; };
		514B487D204C72AB00C117DF /* EBEventDetailsView.xib */ = {isa = PBXFileReference; fileEncoding = 4; lastKnownFileType = file.xib; path = EBEventDetailsView.xib; sourceTree = "<group>"; };
		514B487E204C72AB00C117DF /* EBPhotosView.xib */ = {isa = PBXFileReference; fileEncoding = 4; lastKnownFileType = file.xib; path = EBPhotosView.xib; sourceTree = "<group>"; };
		514B487F204C72AB00C117DF /* EBMessagesView.swift */ = {isa = PBXFileReference; fileEncoding = 4; lastKnownFileType = sourcecode.swift; path = EBMessagesView.swift; sourceTree = "<group>"; };
		514B4885204C72AB00C117DF /* MessagesViewController.swift */ = {isa = PBXFileReference; fileEncoding = 4; lastKnownFileType = sourcecode.swift; path = MessagesViewController.swift; sourceTree = "<group>"; };
		514B4886204C72AB00C117DF /* EventDetailsViewController.swift */ = {isa = PBXFileReference; fileEncoding = 4; lastKnownFileType = sourcecode.swift; path = EventDetailsViewController.swift; sourceTree = "<group>"; };
		514B488A204C72AB00C117DF /* EventBuzzBaseViewController.swift */ = {isa = PBXFileReference; fileEncoding = 4; lastKnownFileType = sourcecode.swift; path = EventBuzzBaseViewController.swift; sourceTree = "<group>"; };
		514B48A8204C73AB00C117DF /* UIViewLoading.swift */ = {isa = PBXFileReference; fileEncoding = 4; lastKnownFileType = sourcecode.swift; path = UIViewLoading.swift; sourceTree = "<group>"; };
		514B48AD204C73D400C117DF /* PhotosDataSource.swift */ = {isa = PBXFileReference; fileEncoding = 4; lastKnownFileType = sourcecode.swift; path = PhotosDataSource.swift; sourceTree = "<group>"; };
/* End PBXFileReference section */

/* Begin PBXFrameworksBuildPhase section */
		514B4836204C723800C117DF /* Frameworks */ = {
			isa = PBXFrameworksBuildPhase;
			buildActionMask = 2147483647;
			files = (
			);
			runOnlyForDeploymentPostprocessing = 0;
		};
		514B484D204C723800C117DF /* Frameworks */ = {
			isa = PBXFrameworksBuildPhase;
			buildActionMask = 2147483647;
			files = (
			);
			runOnlyForDeploymentPostprocessing = 0;
		};
		514B4858204C723800C117DF /* Frameworks */ = {
			isa = PBXFrameworksBuildPhase;
			buildActionMask = 2147483647;
			files = (
			);
			runOnlyForDeploymentPostprocessing = 0;
		};
/* End PBXFrameworksBuildPhase section */

/* Begin PBXGroup section */
		514B4830204C723800C117DF = {
			isa = PBXGroup;
			children = (
				514B48AA204C73D400C117DF /* DataSources */,
				514B48A7204C73AB00C117DF /* Protocols */,
				514B4881204C72AB00C117DF /* ViewControllers */,
				514B486D204C72AB00C117DF /* Views */,
				514B483B204C723800C117DF /* Events */,
				514B4853204C723800C117DF /* EventsTests */,
				514B485E204C723800C117DF /* EventsUITests */,
				514B483A204C723800C117DF /* Products */,
			);
			sourceTree = "<group>";
		};
		514B483A204C723800C117DF /* Products */ = {
			isa = PBXGroup;
			children = (
				514B4839204C723800C117DF /* Events.app */,
				514B4850204C723800C117DF /* EventsTests.xctest */,
				514B485B204C723800C117DF /* EventsUITests.xctest */,
			);
			name = Products;
			sourceTree = "<group>";
		};
		514B483B204C723800C117DF /* Events */ = {
			isa = PBXGroup;
			children = (
				514B483C204C723800C117DF /* AppDelegate.swift */,
				514B4846204C723800C117DF /* Assets.xcassets */,
				514B4848204C723800C117DF /* LaunchScreen.storyboard */,
				514B484B204C723800C117DF /* Info.plist */,
				514B4843204C723800C117DF /* Events.xcdatamodeld */,
			);
			path = Events;
			sourceTree = "<group>";
		};
		514B4853204C723800C117DF /* EventsTests */ = {
			isa = PBXGroup;
			children = (
				514B4854204C723800C117DF /* EventsTests.swift */,
				514B4856204C723800C117DF /* Info.plist */,
			);
			path = EventsTests;
			sourceTree = "<group>";
		};
		514B485E204C723800C117DF /* EventsUITests */ = {
			isa = PBXGroup;
			children = (
				514B485F204C723800C117DF /* EventsUITests.swift */,
				514B4861204C723800C117DF /* Info.plist */,
			);
			path = EventsUITests;
			sourceTree = "<group>";
		};
		514B486D204C72AB00C117DF /* Views */ = {
			isa = PBXGroup;
			children = (
				514B4870204C72AB00C117DF /* EBEventDetailsView.swift */,
				514B4871204C72AB00C117DF /* EBEventsView.xib */,
				514B4872204C72AB00C117DF /* EventBuzzBaseView.swift */,
				514B4876204C72AB00C117DF /* EBMessagesView.xib */,
				514B4877204C72AB00C117DF /* EBPhotosView.swift */,
				514B487B204C72AB00C117DF /* EBEventsView.swift */,
				514B487C204C72AB00C117DF /* EBSignUpView.swift */,
				514B487D204C72AB00C117DF /* EBEventDetailsView.xib */,
				514B487E204C72AB00C117DF /* EBPhotosView.xib */,
				514B487F204C72AB00C117DF /* EBMessagesView.swift */,
			);
			path = Views;
			sourceTree = "<group>";
		};
		514B4881204C72AB00C117DF /* ViewControllers */ = {
			isa = PBXGroup;
			children = (
				514B4885204C72AB00C117DF /* MessagesViewController.swift */,
				514B4886204C72AB00C117DF /* EventDetailsViewController.swift */,
				514B488A204C72AB00C117DF /* EventBuzzBaseViewController.swift */,
			);
			path = ViewControllers;
			sourceTree = "<group>";
		};
		514B48A7204C73AB00C117DF /* Protocols */ = {
			isa = PBXGroup;
			children = (
				514B48A8204C73AB00C117DF /* UIViewLoading.swift */,
			);
			path = Protocols;
			sourceTree = "<group>";
		};
		514B48AA204C73D400C117DF /* DataSources */ = {
			isa = PBXGroup;
			children = (
				514B48AD204C73D400C117DF /* PhotosDataSource.swift */,
			);
			path = DataSources;
			sourceTree = "<group>";
		};
/* End PBXGroup section */

/* Begin PBXNativeTarget section */
		514B4838204C723800C117DF /* Events */ = {
			isa = PBXNativeTarget;
			buildConfigurationList = 514B4864204C723800C117DF /* Build configuration list for PBXNativeTarget "Events" */;
			buildPhases = (
				514B4835204C723800C117DF /* Sources */,
				514B4836204C723800C117DF /* Frameworks */,
				514B4837204C723800C117DF /* Resources */,
			);
			buildRules = (
			);
			dependencies = (
			);
			name = Events;
			productName = Events;
			productReference = 514B4839204C723800C117DF /* Events.app */;
			productType = "com.apple.product-type.application";
		};
		514B484F204C723800C117DF /* EventsTests */ = {
			isa = PBXNativeTarget;
			buildConfigurationList = 514B4867204C723800C117DF /* Build configuration list for PBXNativeTarget "EventsTests" */;
			buildPhases = (
				514B484C204C723800C117DF /* Sources */,
				514B484D204C723800C117DF /* Frameworks */,
				514B484E204C723800C117DF /* Resources */,
			);
			buildRules = (
			);
			dependencies = (
				514B4852204C723800C117DF /* PBXTargetDependency */,
			);
			name = EventsTests;
			productName = EventsTests;
			productReference = 514B4850204C723800C117DF /* EventsTests.xctest */;
			productType = "com.apple.product-type.bundle.unit-test";
		};
		514B485A204C723800C117DF /* EventsUITests */ = {
			isa = PBXNativeTarget;
			buildConfigurationList = 514B486A204C723800C117DF /* Build configuration list for PBXNativeTarget "EventsUITests" */;
			buildPhases = (
				514B4857204C723800C117DF /* Sources */,
				514B4858204C723800C117DF /* Frameworks */,
				514B4859204C723800C117DF /* Resources */,
			);
			buildRules = (
			);
			dependencies = (
				514B485D204C723800C117DF /* PBXTargetDependency */,
			);
			name = EventsUITests;
			productName = EventsUITests;
			productReference = 514B485B204C723800C117DF /* EventsUITests.xctest */;
			productType = "com.apple.product-type.bundle.ui-testing";
		};
/* End PBXNativeTarget section */

/* Begin PBXProject section */
		514B4831204C723800C117DF /* Project object */ = {
			isa = PBXProject;
			attributes = {
				LastSwiftUpdateCheck = 0920;
				LastUpgradeCheck = 0920;
				ORGANIZATIONNAME = "Rameez khan ";
				TargetAttributes = {
					514B4838204C723800C117DF = {
						CreatedOnToolsVersion = 9.2;
						ProvisioningStyle = Automatic;
					};
					514B484F204C723800C117DF = {
						CreatedOnToolsVersion = 9.2;
						ProvisioningStyle = Automatic;
						TestTargetID = 514B4838204C723800C117DF;
					};
					514B485A204C723800C117DF = {
						CreatedOnToolsVersion = 9.2;
						ProvisioningStyle = Automatic;
						TestTargetID = 514B4838204C723800C117DF;
					};
				};
			};
			buildConfigurationList = 514B4834204C723800C117DF /* Build configuration list for PBXProject "Events" */;
			compatibilityVersion = "Xcode 8.0";
			developmentRegion = en;
			hasScannedForEncodings = 0;
			knownRegions = (
				en,
				Base,
			);
			mainGroup = 514B4830204C723800C117DF;
			productRefGroup = 514B483A204C723800C117DF /* Products */;
			projectDirPath = "";
			projectRoot = "";
			targets = (
				514B4838204C723800C117DF /* Events */,
				514B484F204C723800C117DF /* EventsTests */,
				514B485A204C723800C117DF /* EventsUITests */,
			);
		};
/* End PBXProject section */

/* Begin PBXResourcesBuildPhase section */
		514B4837204C723800C117DF /* Resources */ = {
			isa = PBXResourcesBuildPhase;
			buildActionMask = 2147483647;
			files = (
				514B484A204C723800C117DF /* LaunchScreen.storyboard in Resources */,
				514B488E204C72AB00C117DF /* EBEventsView.xib in Resources */,
				514B489B204C72AB00C117DF /* EBPhotosView.xib in Resources */,
				514B4847204C723800C117DF /* Assets.xcassets in Resources */,
				514B4893204C72AB00C117DF /* EBMessagesView.xib in Resources */,
				514B489A204C72AB00C117DF /* EBEventDetailsView.xib in Resources */,
			);
			runOnlyForDeploymentPostprocessing = 0;
		};
		514B484E204C723800C117DF /* Resources */ = {
			isa = PBXResourcesBuildPhase;
			buildActionMask = 2147483647;
			files = (
			);
			runOnlyForDeploymentPostprocessing = 0;
		};
		514B4859204C723800C117DF /* Resources */ = {
			isa = PBXResourcesBuildPhase;
			buildActionMask = 2147483647;
			files = (
			);
			runOnlyForDeploymentPostprocessing = 0;
		};
/* End PBXResourcesBuildPhase section */

/* Begin PBXSourcesBuildPhase section */
		514B4835204C723800C117DF /* Sources */ = {
			isa = PBXSourcesBuildPhase;
			buildActionMask = 2147483647;
			files = (
				514B488D204C72AB00C117DF /* EBEventDetailsView.swift in Sources */,
				514B4845204C723800C117DF /* Events.xcdatamodeld in Sources */,
				514B489C204C72AB00C117DF /* EBMessagesView.swift in Sources */,
				514B4894204C72AB00C117DF /* EBPhotosView.swift in Sources */,
				514B4898204C72AB00C117DF /* EBEventsView.swift in Sources */,
				514B48A9204C73AB00C117DF /* UIViewLoading.swift in Sources */,
				514B483D204C723800C117DF /* AppDelegate.swift in Sources */,
				514B488F204C72AB00C117DF /* EventBuzzBaseView.swift in Sources */,
				514B48A1204C72AB00C117DF /* MessagesViewController.swift in Sources */,
				514B4899204C72AB00C117DF /* EBSignUpView.swift in Sources */,
				514B48B0204C73D400C117DF /* PhotosDataSource.swift in Sources */,
				514B48A2204C72AB00C117DF /* EventDetailsViewController.swift in Sources */,
				514B48A6204C72AB00C117DF /* EventBuzzBaseViewController.swift in Sources */,
			);
			runOnlyForDeploymentPostprocessing = 0;
		};
		514B484C204C723800C117DF /* Sources */ = {
			isa = PBXSourcesBuildPhase;
			buildActionMask = 2147483647;
			files = (
				514B4855204C723800C117DF /* EventsTests.swift in Sources */,
			);
			runOnlyForDeploymentPostprocessing = 0;
		};
		514B4857204C723800C117DF /* Sources */ = {
			isa = PBXSourcesBuildPhase;
			buildActionMask = 2147483647;
			files = (
				514B4860204C723800C117DF /* EventsUITests.swift in Sources */,
			);
			runOnlyForDeploymentPostprocessing = 0;
		};
/* End PBXSourcesBuildPhase section */

/* Begin PBXTargetDependency section */
		514B4852204C723800C117DF /* PBXTargetDependency */ = {
			isa = PBXTargetDependency;
			target = 514B4838204C723800C117DF /* Events */;
			targetProxy = 514B4851204C723800C117DF /* PBXContainerItemProxy */;
		};
		514B485D204C723800C117DF /* PBXTargetDependency */ = {
			isa = PBXTargetDependency;
			target = 514B4838204C723800C117DF /* Events */;
			targetProxy = 514B485C204C723800C117DF /* PBXContainerItemProxy */;
		};
/* End PBXTargetDependency section */

/* Begin PBXVariantGroup section */
		514B4848204C723800C117DF /* LaunchScreen.storyboard */ = {
			isa = PBXVariantGroup;
			children = (
				514B4849204C723800C117DF /* Base */,
			);
			name = LaunchScreen.storyboard;
			sourceTree = "<group>";
		};
/* End PBXVariantGroup section */

/* Begin XCBuildConfiguration section */
		514B4862204C723800C117DF /* Debug */ = {
			isa = XCBuildConfiguration;
			buildSettings = {
				ALWAYS_SEARCH_USER_PATHS = NO;
				CLANG_ANALYZER_NONNULL = YES;
				CLANG_ANALYZER_NUMBER_OBJECT_CONVERSION = YES_AGGRESSIVE;
				CLANG_CXX_LANGUAGE_STANDARD = "gnu++14";
				CLANG_CXX_LIBRARY = "libc++";
				CLANG_ENABLE_MODULES = YES;
				CLANG_ENABLE_OBJC_ARC = YES;
				CLANG_WARN_BLOCK_CAPTURE_AUTORELEASING = YES;
				CLANG_WARN_BOOL_CONVERSION = YES;
				CLANG_WARN_COMMA = YES;
				CLANG_WARN_CONSTANT_CONVERSION = YES;
				CLANG_WARN_DIRECT_OBJC_ISA_USAGE = YES_ERROR;
				CLANG_WARN_DOCUMENTATION_COMMENTS = YES;
				CLANG_WARN_EMPTY_BODY = YES;
				CLANG_WARN_ENUM_CONVERSION = YES;
				CLANG_WARN_INFINITE_RECURSION = YES;
				CLANG_WARN_INT_CONVERSION = YES;
				CLANG_WARN_NON_LITERAL_NULL_CONVERSION = YES;
				CLANG_WARN_OBJC_LITERAL_CONVERSION = YES;
				CLANG_WARN_OBJC_ROOT_CLASS = YES_ERROR;
				CLANG_WARN_RANGE_LOOP_ANALYSIS = YES;
				CLANG_WARN_STRICT_PROTOTYPES = YES;
				CLANG_WARN_SUSPICIOUS_MOVE = YES;
				CLANG_WARN_UNGUARDED_AVAILABILITY = YES_AGGRESSIVE;
				CLANG_WARN_UNREACHABLE_CODE = YES;
				CLANG_WARN__DUPLICATE_METHOD_MATCH = YES;
				CODE_SIGN_IDENTITY = "iPhone Developer";
				COPY_PHASE_STRIP = NO;
				DEBUG_INFORMATION_FORMAT = dwarf;
				ENABLE_STRICT_OBJC_MSGSEND = YES;
				ENABLE_TESTABILITY = YES;
				GCC_C_LANGUAGE_STANDARD = gnu11;
				GCC_DYNAMIC_NO_PIC = NO;
				GCC_NO_COMMON_BLOCKS = YES;
				GCC_OPTIMIZATION_LEVEL = 0;
				GCC_PREPROCESSOR_DEFINITIONS = (
					"DEBUG=1",
					"$(inherited)",
				);
				GCC_WARN_64_TO_32_BIT_CONVERSION = YES;
				GCC_WARN_ABOUT_RETURN_TYPE = YES_ERROR;
				GCC_WARN_UNDECLARED_SELECTOR = YES;
				GCC_WARN_UNINITIALIZED_AUTOS = YES_AGGRESSIVE;
				GCC_WARN_UNUSED_FUNCTION = YES;
				GCC_WARN_UNUSED_VARIABLE = YES;
				IPHONEOS_DEPLOYMENT_TARGET = 11.2;
				MTL_ENABLE_DEBUG_INFO = YES;
				ONLY_ACTIVE_ARCH = YES;
				SDKROOT = iphoneos;
				SWIFT_ACTIVE_COMPILATION_CONDITIONS = DEBUG;
				SWIFT_OPTIMIZATION_LEVEL = "-Onone";
			};
			name = Debug;
		};
		514B4863204C723800C117DF /* Release */ = {
			isa = XCBuildConfiguration;
			buildSettings = {
				ALWAYS_SEARCH_USER_PATHS = NO;
				CLANG_ANALYZER_NONNULL = YES;
				CLANG_ANALYZER_NUMBER_OBJECT_CONVERSION = YES_AGGRESSIVE;
				CLANG_CXX_LANGUAGE_STANDARD = "gnu++14";
				CLANG_CXX_LIBRARY = "libc++";
				CLANG_ENABLE_MODULES = YES;
				CLANG_ENABLE_OBJC_ARC = YES;
				CLANG_WARN_BLOCK_CAPTURE_AUTORELEASING = YES;
				CLANG_WARN_BOOL_CONVERSION = YES;
				CLANG_WARN_COMMA = YES;
				CLANG_WARN_CONSTANT_CONVERSION = YES;
				CLANG_WARN_DIRECT_OBJC_ISA_USAGE = YES_ERROR;
				CLANG_WARN_DOCUMENTATION_COMMENTS = YES;
				CLANG_WARN_EMPTY_BODY = YES;
				CLANG_WARN_ENUM_CONVERSION = YES;
				CLANG_WARN_INFINITE_RECURSION = YES;
				CLANG_WARN_INT_CONVERSION = YES;
				CLANG_WARN_NON_LITERAL_NULL_CONVERSION = YES;
				CLANG_WARN_OBJC_LITERAL_CONVERSION = YES;
				CLANG_WARN_OBJC_ROOT_CLASS = YES_ERROR;
				CLANG_WARN_RANGE_LOOP_ANALYSIS = YES;
				CLANG_WARN_STRICT_PROTOTYPES = YES;
				CLANG_WARN_SUSPICIOUS_MOVE = YES;
				CLANG_WARN_UNGUARDED_AVAILABILITY = YES_AGGRESSIVE;
				CLANG_WARN_UNREACHABLE_CODE = YES;
				CLANG_WARN__DUPLICATE_METHOD_MATCH = YES;
				CODE_SIGN_IDENTITY = "iPhone Developer";
				COPY_PHASE_STRIP = NO;
				DEBUG_INFORMATION_FORMAT = "dwarf-with-dsym";
				ENABLE_NS_ASSERTIONS = NO;
				ENABLE_STRICT_OBJC_MSGSEND = YES;
				GCC_C_LANGUAGE_STANDARD = gnu11;
				GCC_NO_COMMON_BLOCKS = YES;
				GCC_WARN_64_TO_32_BIT_CONVERSION = YES;
				GCC_WARN_ABOUT_RETURN_TYPE = YES_ERROR;
				GCC_WARN_UNDECLARED_SELECTOR = YES;
				GCC_WARN_UNINITIALIZED_AUTOS = YES_AGGRESSIVE;
				GCC_WARN_UNUSED_FUNCTION = YES;
				GCC_WARN_UNUSED_VARIABLE = YES;
				IPHONEOS_DEPLOYMENT_TARGET = 11.2;
				MTL_ENABLE_DEBUG_INFO = NO;
				SDKROOT = iphoneos;
				SWIFT_OPTIMIZATION_LEVEL = "-Owholemodule";
				VALIDATE_PRODUCT = YES;
			};
			name = Release;
		};
		514B4865204C723800C117DF /* Debug */ = {
			isa = XCBuildConfiguration;
			buildSettings = {
				ASSETCATALOG_COMPILER_APPICON_NAME = AppIcon;
				CODE_SIGN_STYLE = Automatic;
				INFOPLIST_FILE = Events/Info.plist;
				LD_RUNPATH_SEARCH_PATHS = "$(inherited) @executable_path/Frameworks";
				PRODUCT_BUNDLE_IDENTIFIER = com.company.Events;
				PRODUCT_NAME = "$(TARGET_NAME)";
				SWIFT_VERSION = 4.0;
				TARGETED_DEVICE_FAMILY = "1,2";
			};
			name = Debug;
		};
		514B4866204C723800C117DF /* Release */ = {
			isa = XCBuildConfiguration;
			buildSettings = {
				ASSETCATALOG_COMPILER_APPICON_NAME = AppIcon;
				CODE_SIGN_STYLE = Automatic;
				INFOPLIST_FILE = Events/Info.plist;
				LD_RUNPATH_SEARCH_PATHS = "$(inherited) @executable_path/Frameworks";
				PRODUCT_BUNDLE_IDENTIFIER = com.company.Events;
				PRODUCT_NAME = "$(TARGET_NAME)";
				SWIFT_VERSION = 4.0;
				TARGETED_DEVICE_FAMILY = "1,2";
			};
			name = Release;
		};
		514B4868204C723800C117DF /* Debug */ = {
			isa = XCBuildConfiguration;
			buildSettings = {
				ALWAYS_EMBED_SWIFT_STANDARD_LIBRARIES = YES;
				BUNDLE_LOADER = "$(TEST_HOST)";
				CODE_SIGN_STYLE = Automatic;
				INFOPLIST_FILE = EventsTests/Info.plist;
				LD_RUNPATH_SEARCH_PATHS = "$(inherited) @executable_path/Frameworks @loader_path/Frameworks";
				PRODUCT_BUNDLE_IDENTIFIER = com.company.EventsTests;
				PRODUCT_NAME = "$(TARGET_NAME)";
				SWIFT_VERSION = 4.0;
				TARGETED_DEVICE_FAMILY = "1,2";
				TEST_HOST = "$(BUILT_PRODUCTS_DIR)/Events.app/Events";
			};
			name = Debug;
		};
		514B4869204C723800C117DF /* Release */ = {
			isa = XCBuildConfiguration;
			buildSettings = {
				ALWAYS_EMBED_SWIFT_STANDARD_LIBRARIES = YES;
				BUNDLE_LOADER = "$(TEST_HOST)";
				CODE_SIGN_STYLE = Automatic;
				INFOPLIST_FILE = EventsTests/Info.plist;
				LD_RUNPATH_SEARCH_PATHS = "$(inherited) @executable_path/Frameworks @loader_path/Frameworks";
				PRODUCT_BUNDLE_IDENTIFIER = com.company.EventsTests;
				PRODUCT_NAME = "$(TARGET_NAME)";
				SWIFT_VERSION = 4.0;
				TARGETED_DEVICE_FAMILY = "1,2";
				TEST_HOST = "$(BUILT_PRODUCTS_DIR)/Events.app/Events";
			};
			name = Release;
		};
		514B486B204C723800C117DF /* Debug */ = {
			isa = XCBuildConfiguration;
			buildSettings = {
				ALWAYS_EMBED_SWIFT_STANDARD_LIBRARIES = YES;
				CODE_SIGN_STYLE = Automatic;
				INFOPLIST_FILE = EventsUITests/Info.plist;
				LD_RUNPATH_SEARCH_PATHS = "$(inherited) @executable_path/Frameworks @loader_path/Frameworks";
				PRODUCT_BUNDLE_IDENTIFIER = com.company.EventsUITests;
				PRODUCT_NAME = "$(TARGET_NAME)";
				SWIFT_VERSION = 4.0;
				TARGETED_DEVICE_FAMILY = "1,2";
				TEST_TARGET_NAME = Events;
			};
			name = Debug;
		};
		514B486C204C723800C117DF /* Release */ = {
			isa = XCBuildConfiguration;
			buildSettings = {
				ALWAYS_EMBED_SWIFT_STANDARD_LIBRARIES = YES;
				CODE_SIGN_STYLE = Automatic;
				INFOPLIST_FILE = EventsUITests/Info.plist;
				LD_RUNPATH_SEARCH_PATHS = "$(inherited) @executable_path/Frameworks @loader_path/Frameworks";
				PRODUCT_BUNDLE_IDENTIFIER = com.company.EventsUITests;
				PRODUCT_NAME = "$(TARGET_NAME)";
				SWIFT_VERSION = 4.0;
				TARGETED_DEVICE_FAMILY = "1,2";
				TEST_TARGET_NAME = Events;
			};
			name = Release;
		};
/* End XCBuildConfiguration section */

/* Begin XCConfigurationList section */
		514B4834204C723800C117DF /* Build configuration list for PBXProject "Events" */ = {
			isa = XCConfigurationList;
			buildConfigurations = (
				514B4862204C723800C117DF /* Debug */,
				514B4863204C723800C117DF /* Release */,
			);
			defaultConfigurationIsVisible = 0;
			defaultConfigurationName = Release;
		};
		514B4864204C723800C117DF /* Build configuration list for PBXNativeTarget "Events" */ = {
			isa = XCConfigurationList;
			buildConfigurations = (
				514B4865204C723800C117DF /* Debug */,
				514B4866204C723800C117DF /* Release */,
			);
			defaultConfigurationIsVisible = 0;
			defaultConfigurationName = Release;
		};
		514B4867204C723800C117DF /* Build configuration list for PBXNativeTarget "EventsTests" */ = {
			isa = XCConfigurationList;
			buildConfigurations = (
				514B4868204C723800C117DF /* Debug */,
				514B4869204C723800C117DF /* Release */,
			);
			defaultConfigurationIsVisible = 0;
			defaultConfigurationName = Release;
		};
		514B486A204C723800C117DF /* Build configuration list for PBXNativeTarget "EventsUITests" */ = {
			isa = XCConfigurationList;
			buildConfigurations = (
				514B486B204C723800C117DF /* Debug */,
				514B486C204C723800C117DF /* Release */,
			);
			defaultConfigurationIsVisible = 0;
			defaultConfigurationName = Release;
		};
/* End XCConfigurationList section */

/* Begin XCVersionGroup section */
		514B4843204C723800C117DF /* Events.xcdatamodeld */ = {
			isa = XCVersionGroup;
			children = (
				514B4844204C723800C117DF /* Events.xcdatamodel */,
			);
			currentVersion = 514B4844204C723800C117DF /* Events.xcdatamodel */;
			path = Events.xcdatamodeld;
			sourceTree = "<group>";
			versionGroupType = wrapper.xcdatamodel;
		};
/* End XCVersionGroup section */
	};
	rootObject = 514B4831204C723800C117DF /* Project object */;
}
